  block:
    name: "&2&lSHOP &8&l✦ &7Block &0(%page%/7)"
    buttons:
      goBack:
        slot: 18
      previousPage:
        slot: 9
      nextPage:
        slot: 27
    fillItem:
        material: BLACK_STAINED_GLASS_PANE
        name: " &r " 
    items:
      1:
        type: DUMMY
        item:
          material: LIME_STAINED_GLASS_PANE
          name: " &r "
          lore: []
          quantity: 1
        slot: 1
      2:
        type: DUMMY
        item:
          material: LIME_STAINED_GLASS_PANE
          name: " &r "
          lore: []
          quantity: 1
        slot: 10
      3:
        type: DUMMY
        item:
          material: LIME_STAINED_GLASS_PANE
          name: " &r "
          lore: []
          quantity: 1
        slot: 19
      4:
        type: DUMMY
        item:
          material: LIME_STAINED_GLASS_PANE
          name: " &r "
          lore: []
          quantity: 1
        slot: 28
      5:
        type: DUMMY
        item:
          material: LIME_STAINED_GLASS_PANE
          name: " &r "
          lore: []
          quantity: 1
        slot: 37
      6:
        type: DUMMY
        item:
          material: LIME_STAINED_GLASS_PANE
          name: " &r "
          lore: []
          quantity: 1
        slot: 46
      7:
        type: item
        item:
          material: STONE
          quantity: 1
        buyPrice: 3
        sellPrice: 3
        slot: 12
      8:
        type: item
        item:
          material: GRANITE
          quantity: 1
        buyPrice: 3
        sellPrice: 3
        slot: 13
      9:
        type: item
        item:
          material: ANDESITE
          quantity: 1
        buyPrice: 3
        sellPrice: 3
        slot: 14
      10:
        type: item
        item:
          material: DIORITE
          quantity: 1
        buyPrice: 3
        sellPrice: 3
        slot: 15
      11:
        type: item
        item:
          material: COBBLESTONE
          quantity: 1
        buyPrice: 2
        sellPrice: 2
        slot: 16
      12:
        type: item
        item:
          material: MOSSY_COBBLESTONE
          quantity: 1
        buyPrice: 3
        sellPrice: 3
        slot: 21
      13:
        type: item
        item:
          material: STONE_BRICKS
          quantity: 1
        buyPrice: 3
        sellPrice: 3
        slot: 22
      14:
        type: item
        item:
          material: MOSSY_STONE_BRICKS
          quantity: 1
        buyPrice: 3
        sellPrice: 3
        slot: 23
      15:
        type: item
        item:
          material: CRACKED_STONE_BRICKS
          quantity: 1
        buyPrice: 3
        sellPrice: 3
        slot: 24
      16:
        type: item
        item:
          material: CHISELED_STONE_BRICKS  
          quantity: 1
        buyPrice: 3
        sellPrice: 3
        slot: 25
      17:
        type: item
        item:
          material: DIRT
          quantity: 1
        buyPrice: 2
        sellPrice: 2
        slot: 30
      18:
        type: item
        item:
          material: GRASS_BLOCK
          quantity: 1
        buyPrice: 3
        sellPrice: 3
        slot: 31
      19:
        type: item
        item:
          material: COARSE_DIRT
          quantity: 1
        buyPrice: 3
        sellPrice: 3
        slot: 32
      20:
        type: item
        item:
          material: PODZOL
          quantity: 1
        buyPrice: 4
        sellPrice: 4
        slot: 33
      21:
        type: item
        item:
          material: MYCELIUM
          quantity: 1
        buyPrice: 4
        sellPrice: 4
        slot: 34
      22:
        type: item
        item:
          material: CLAY
          quantity: 1
        buyPrice: 4
        sellPrice: 4
        slot: 39
      23:
        type: item
        item:
          material: GRAVEL
          quantity: 1
        buyPrice: 3
        sellPrice: 3
        slot: 40
      24:
        type: item
        item:
          material: SAND
          quantity: 1
        buyPrice: 2
        sellPrice: 1
        slot: 41
      25:
        type: item
        item:
          material: RED_SAND
          quantity: 1
        buyPrice: 2
        sellPrice: 1
        slot: 42
      26:
        type: item
        item:
          material: TERRACOTTA
          quantity: 1
        buyPrice: 4
        sellPrice: 4
        slot: 43
##PAGE:2
      27:
        type: DUMMY
        item:
          material: LIME_STAINED_GLASS_PANE
          name: " &r "
          lore: []
          quantity: 1
        slot: 1
        page: 2
      28:
        type: DUMMY
        item:
          material: LIME_STAINED_GLASS_PANE
          name: " &r "
          lore: []
          quantity: 1
        slot: 10
        page: 2
      29:
        type: DUMMY
        item:
          material: LIME_STAINED_GLASS_PANE
          name: " &r "
          lore: []
          quantity: 1
        slot: 19
        page: 2
      30:
        type: DUMMY
        item:
          material: LIME_STAINED_GLASS_PANE
          name: " &r "
          lore: []
          quantity: 1
        slot: 28
        page: 2
      31:
        type: DUMMY
        item:
          material: LIME_STAINED_GLASS_PANE
          name: " &r "
          lore: []
          quantity: 1
        slot: 37
        page: 2
      32:
        type: DUMMY
        item:
          material: LIME_STAINED_GLASS_PANE
          name: " &r "
          lore: []
          quantity: 1
        slot: 46
        page: 2
      33:
        type: item
        item:
          material: END_STONE
          quantity: 1
        buyPrice: 6
        sellPrice: 4
        slot: 12
        page: 2
      34:
        type: item
        item:
          material: OBSIDIAN
          quantity: 1
        buyPrice: 100
        sellPrice: 10
        slot: 13
        page: 2
      35:
        type: item
        item:
          material: BRICKS
          quantity: 1
        buyPrice: 6
        sellPrice: 3
        slot: 14
        page: 2
      36:
        type: item
        item:
          material: ICE
          quantity: 1
        buyPrice: 6
        sellPrice: 3
        slot: 15
        page: 2
      37:
        type: item
        item:
          material: PACKED_ICE
          quantity: 1
        buyPrice: 8
        sellPrice: 4
        slot: 16
        page: 2
      38:
        type: item
        item:
          material: SNOW_BLOCK
          quantity: 1
        buyPrice: 5
        sellPrice: 3
        slot: 21
        page: 2
      39:
        type: item
        item:
          material: NETHERRACK
          quantity: 1
        buyPrice: 2
        sellPrice: 2
        slot: 22
        page: 2
      40:
        type: item
        item:
          material: SOUL_SAND
          quantity: 1
        buyPrice: 10
        sellPrice: 2
        slot: 23
        page: 2
      400:
        type: item
        item:
          material: SOUL_SOIL
          quantity: 1
        buyPrice: 10
        sellPrice: 2
        slot: 5
        page: 2
      41:
        type: item
        item:
          material: QUARTZ_BLOCK
          quantity: 1
        buyPrice: 20
        sellPrice: 10
        slot: 24
        page: 2
      42:
        type: item
        item:
          material: NETHER_BRICKS
          quantity: 1
        buyPrice: 6
        sellPrice: 4
        slot: 25
        page: 2
      43:
        type: item
        item:
          material: SEA_LANTERN
          quantity: 1
        buyPrice: 8
        sellPrice: 4
        slot: 30
        page: 2                                                      
      44:
        type: item
        item:
          material: SPONGE
          quantity: 1
        buyPrice: 20
        sellPrice: 5 
        slot: 31
        page: 2
      45:
        type: item
        item:
          material: PRISMARINE
          quantity: 1
        buyPrice: 4
        sellPrice: 4
        slot: 32
        page: 2
      46:
        type: item
        item:
          material: PRISMARINE_BRICKS
          quantity: 1
        buyPrice: 5
        sellPrice: 5
        slot: 33
        page: 2
      47:
        type: item
        item:
          material: DARK_PRISMARINE
          quantity: 1
        buyPrice: 6
        sellPrice: 6
        slot: 34
        page: 2
      48:
        type: item
        item:
          material: GLOWSTONE
          quantity: 1
        buyPrice: 12
        sellPrice: 6
        slot: 39
        page: 2
      49:
        type: item
        item:
          material: CHISELED_QUARTZ_BLOCK
          quantity: 1
        buyPrice: 25
        sellPrice: 10 
        slot: 40
        page: 2
      50:
        type: item
        item:
          material: QUARTZ_PILLAR
          quantity: 1
        buyPrice: 20
        sellPrice: 10
        slot: 41
        page: 2
      51:
        type: item
        item:
          material: PURPUR_BLOCK
          quantity: 1
        buyPrice: 30
        sellPrice: 10
        slot: 42
        page: 2
      52:
        type: item
        item:
          material: PURPUR_PILLAR
          quantity: 1
        buyPrice: 30
        sellPrice: 10
        slot: 43
        page: 2
##PAGE:3
      53:
        type: DUMMY
        item:
          material: LIME_STAINED_GLASS_PANE
          name: " &r "
          lore: []
          quantity: 1
        slot: 1
        page: 3
      54:
        type: DUMMY
        item:
          material: LIME_STAINED_GLASS_PANE
          name: " &r "
          lore: []
          quantity: 1
        slot: 10
        page: 3
      55:
        type: DUMMY
        item:
          material: LIME_STAINED_GLASS_PANE
          name: " &r "
          lore: []
          quantity: 1
        slot: 19
        page: 3
      56:
        type: DUMMY
        item:
          material: LIME_STAINED_GLASS_PANE
          name: " &r "
          lore: []
          quantity: 1
        slot: 28
        page: 3
      57:
        type: DUMMY
        item:
          material: LIME_STAINED_GLASS_PANE
          name: " &r "
          lore: []
          quantity: 1
        slot: 37
        page: 3
      58:
        type: DUMMY
        item:
          material: LIME_STAINED_GLASS_PANE
          name: " &r "
          lore: []
          quantity: 1
        slot: 46
        page: 3
      59:
        type: item
        item:
          material: END_STONE_BRICKS
          quantity: 1
        buyPrice: 20
        sellPrice: 6
        slot: 12
        page: 3
      60:
        type: item
        item:
          material: MAGMA_BLOCK
          quantity: 1
        buyPrice: 20
        sellPrice: 10
        slot: 13
        page: 3
      61:
        type: item
        item:
          material: RED_TERRACOTTA     
          quantity: 1
        buyPrice: 15
        sellPrice: 5
        slot: 14
        page: 3
      62:
        type: item
        item:
          material: ORANGE_TERRACOTTA      
          quantity: 1
        buyPrice: 15
        sellPrice: 5
        slot: 15
        page: 3
      63:
        type: item
        item:
          material: YELLOW_TERRACOTTA      
          quantity: 1
        buyPrice: 15
        sellPrice: 5
        slot: 16
        page: 3
      64:
        type: item
        item:
          material: GREEN_TERRACOTTA       
          quantity: 1
        buyPrice: 15
        sellPrice: 5
        slot: 21
        page: 3
      65:
        type: item
        item:
          material: LIME_TERRACOTTA   
          quantity: 1
        buyPrice: 15
        sellPrice: 5
        slot: 22
        page: 3
      66:
        type: item
        item:
          material: BLUE_TERRACOTTA     
          quantity: 1
        buyPrice: 15
        sellPrice: 5
        slot: 23
        page: 3
      67:
        type: item
        item:
          material: CYAN_TERRACOTTA    
          quantity: 1
        buyPrice: 15
        sellPrice: 5
        slot: 24
        page: 3
      68:
        type: item
        item:
          material: LIGHT_BLUE_TERRACOTTA      
          quantity: 1
        buyPrice: 15
        sellPrice: 5
        slot: 25
        page: 3
      69:
        type: item
        item:
          material: PINK_TERRACOTTA     
          quantity: 1
        buyPrice: 15
        sellPrice: 5
        slot: 30
        page: 3
      70:
        type: item
        item:
          material: MAGENTA_TERRACOTTA     
          quantity: 1
        buyPrice: 15
        sellPrice: 5
        slot: 31
        page: 3
      71:
        type: item
        item:
          material: PURPLE_TERRACOTTA    
          quantity: 1
        buyPrice: 15
        sellPrice: 5
        slot: 32
        page: 3
      72:
        type: item
        item:
          material: WHITE_TERRACOTTA    
          quantity: 1
        buyPrice: 15
        sellPrice: 5
        slot: 33
        page: 3
      73:
        type: item
        item:
          material: LIGHT_GRAY_TERRACOTTA      
          quantity: 1
        buyPrice: 15
        sellPrice: 5
        slot: 34
        page: 3
      74:
        type: item
        item:
          material: GRAY_TERRACOTTA     
          quantity: 1
        buyPrice: 15
        sellPrice: 5
        slot: 39
        page: 3
      75:
        type: item
        item:
          material: BROWN_TERRACOTTA     
          quantity: 1
        buyPrice: 15
        sellPrice: 5
        slot: 40
        page: 3
      76:
        type: item
        item:
          material: BLACK_TERRACOTTA     
          quantity: 1
        buyPrice: 15
        sellPrice: 5
        slot: 41
        page: 3
      77:
         type: item
         item:
           material: RED_GLAZED_TERRACOTTA
           quantity: 1
         buyPrice: 15
         sellPrice: 5
         slot: 42
         page: 3
      78:
        type: item
        item:
          material: ORANGE_GLAZED_TERRACOTTA
          quantity: 1
        buyPrice: 15
        sellPrice: 5
        slot: 43
        page: 3
##PAGE:4
      79:
        type: DUMMY
        item:
          material: LIME_STAINED_GLASS_PANE
          name: " &r "
          lore: []
          quantity: 1
        slot: 1
        page: 4
      80:
        type: DUMMY
        item:
          material: LIME_STAINED_GLASS_PANE
          name: " &r "
          lore: []
          quantity: 1
        slot: 10
        page: 4
      81:
        type: DUMMY
        item:
          material: LIME_STAINED_GLASS_PANE
          name: " &r "
          lore: []
          quantity: 1
        slot: 19
        page: 4
      82:
        type: DUMMY
        item:
          material: LIME_STAINED_GLASS_PANE
          name: " &r "
          lore: []
          quantity: 1
        slot: 28
        page: 4
      83:
        type: DUMMY
        item:
          material: LIME_STAINED_GLASS_PANE
          name: " &r "
          lore: []
          quantity: 1
        slot: 37
        page: 4
      84:
        type: DUMMY
        item:
          material: LIME_STAINED_GLASS_PANE
          name: " &r "
          lore: []
          quantity: 1
        slot: 46
        page: 4
      85:
        type: item
        item:
          material: YELLOW_GLAZED_TERRACOTTA
          quantity: 1
        buyPrice: 15
        sellPrice: 5
        slot: 12
        page: 4
      86:
        type: item
        item:
          material: GREEN_GLAZED_TERRACOTTA
          quantity: 1
        buyPrice: 15
        sellPrice: 5
        slot: 13
        page: 4
      87:
        type: item
        item:
          material: LIME_GLAZED_TERRACOTTA
          quantity: 1
        buyPrice: 15
        sellPrice: 5
        slot: 14
        page: 4
      88:
        type: item
        item:
          material: BLUE_GLAZED_TERRACOTTA
          quantity: 1
        buyPrice: 15
        sellPrice: 5
        slot: 15
        page: 4
      89:
        type: item
        item:
          material: CYAN_GLAZED_TERRACOTTA
          quantity: 1
        buyPrice: 15
        sellPrice: 5
        slot: 16
        page: 4
      90:
        type: item
        item:
          material: LIGHT_BLUE_GLAZED_TERRACOTTA
          quantity: 1
        buyPrice: 15
        sellPrice: 5
        slot: 21
        page: 4
      91:
        type: item
        item:
          material: PINK_GLAZED_TERRACOTTA
          quantity: 1
        buyPrice: 15
        sellPrice: 5
        slot: 22
        page: 4
      92:
        type: item
        item:
          material: MAGENTA_GLAZED_TERRACOTTA
          quantity: 1
        buyPrice: 15
        sellPrice: 5
        slot: 23
        page: 4
      93:
        type: item
        item:
          material: PURPLE_GLAZED_TERRACOTTA
          quantity: 1
        buyPrice: 15
        sellPrice: 5
        slot: 24
        page: 4
      94:
        type: item
        item:
          material: WHITE_GLAZED_TERRACOTTA
          quantity: 1
        buyPrice: 15
        sellPrice: 5
        slot: 25
        page: 4
      95:
        type: item
        item:
          material: GRAY_GLAZED_TERRACOTTA
          quantity: 1
        buyPrice: 15
        sellPrice: 5
        slot: 30
        page: 4
      96:
        type: item
        item:
          material: LIGHT_GRAY_GLAZED_TERRACOTTA
          quantity: 1
        buyPrice: 15
        sellPrice: 5
        slot: 31
        page: 4
      97:
        type: item
        item:
          material: BROWN_GLAZED_TERRACOTTA
          quantity: 1
        buyPrice: 15
        sellPrice: 5
        slot: 32
        page: 4
      98:
        type: item
        item:
          material: BLACK_GLAZED_TERRACOTTA
          quantity: 1
        buyPrice: 15
        sellPrice: 5
        slot: 33
        page: 4
      99:
        type: item
        item:
          material: RED_CONCRETE
          quantity: 1
        buyPrice: 10
        sellPrice: 5
        slot: 34
        page: 4
      100:
        type: item
        item:
          material: ORANGE_CONCRETE
          quantity: 1
        buyPrice: 10
        sellPrice: 5
        slot: 39
        page: 4
      101:
        type: item
        item:
          material: YELLOW_CONCRETE
          quantity: 1
        buyPrice: 10
        sellPrice: 5
        slot: 40
        page: 4
      102:
        type: item
        item:
          material: GREEN_CONCRETE
          quantity: 1
        buyPrice: 10
        sellPrice: 5
        slot: 41
        page: 4
      103:
        type: item
        item:
          material: LIME_CONCRETE
          quantity: 1
        buyPrice: 10
        sellPrice: 5
        slot: 42
        page: 4
      104:
        type: item
        item:
           material: BLUE_CONCRETE
           quantity: 1
        buyPrice: 10
        sellPrice: 5
        slot: 43
        page: 4
##PAGE:5
      105:
        type: DUMMY
        item:
          material: LIME_STAINED_GLASS_PANE
          name: " &r "
          lore: []
          quantity: 1
        slot: 1
        page: 5
      106:
        type: DUMMY
        item:
          material: LIME_STAINED_GLASS_PANE
          name: " &r "
          lore: []
          quantity: 1
        slot: 10
        page: 5
      107:
        type: DUMMY
        item:
          material: LIME_STAINED_GLASS_PANE
          name: " &r "
          lore: []
          quantity: 1
        slot: 19
        page: 5
      108:
        type: DUMMY
        item:
          material: LIME_STAINED_GLASS_PANE
          name: " &r "
          lore: []
          quantity: 1
        slot: 28
        page: 5
      109:
        type: DUMMY
        item:
          material: LIME_STAINED_GLASS_PANE
          name: " &r "
          lore: []
          quantity: 1
        slot: 37
        page: 5
      110:
        type: DUMMY
        item:
          material: LIME_STAINED_GLASS_PANE
          name: " &r "
          lore: []
          quantity: 1
        slot: 46
        page: 5
      111:
        type: item
        item:
          material: LIGHT_BLUE_CONCRETE
          quantity: 1
        buyPrice: 10
        sellPrice: 5
        slot: 12
        page: 5
      112:
        type: item
        item:
          material: PINK_CONCRETE
          quantity: 1
        buyPrice: 10
        sellPrice: 5
        slot: 13
        page: 5
      113:
        type: item
        item:
          material: MAGENTA_CONCRETE
          quantity: 1
        buyPrice: 10
        sellPrice: 5
        slot: 14
        page: 5
      114:
        type: item
        item:
          material: CYAN_CONCRETE
          quantity: 1
        buyPrice: 10
        sellPrice: 5
        slot: 15
        page: 5
      115:
        type: item
        item:
          material: PURPLE_CONCRETE
          quantity: 1
        buyPrice: 10
        sellPrice: 5
        slot: 16
        page: 5
      116:
        type: item
        item:
          material: WHITE_CONCRETE
          quantity: 1
        buyPrice: 10
        sellPrice: 5
        slot: 21
        page: 5
      117:
        type: item
        item:
          material: LIGHT_GRAY_CONCRETE
          quantity: 1
        buyPrice: 10
        sellPrice: 5
        slot: 22
        page: 5
      118:
        type: item
        item:
          material: GRAY_CONCRETE
          quantity: 1
        buyPrice: 10
        sellPrice: 5
        slot: 23
        page: 5
      119:
        type: item
        item:
          material: BROWN_CONCRETE
          quantity: 1
        buyPrice: 10
        sellPrice: 5
        slot: 24
        page: 5
      120:
        type: item
        item:
          material: BLACK_CONCRETE
          quantity: 1
        buyPrice: 10
        sellPrice: 5
        slot: 25
        page: 5
      121:
        type: item
        item:
          material: RED_CONCRETE_POWDER
          quantity: 1
        buyPrice: 8
        sellPrice: 5
        slot: 30
        page: 5
      122:
        type: item
        item:
          material: ORANGE_CONCRETE_POWDER
          quantity: 1
        buyPrice: 8
        sellPrice: 5
        slot: 31
        page: 5
      123:
        type: item
        item:
          material: YELLOW_CONCRETE_POWDER
          quantity: 1
        buyPrice: 8
        sellPrice: 5
        slot: 32
        page: 5
      124:
        type: item
        item:
          material: GREEN_CONCRETE_POWDER
          quantity: 1
        buyPrice: 8
        sellPrice: 5
        slot: 33
        page: 5
      125:
        type: item
        item:
          material: LIME_CONCRETE_POWDER
          quantity: 1
        buyPrice: 8
        sellPrice: 5
        slot: 34
        page: 5
      126:
        type: item
        item:
           material: BLUE_CONCRETE_POWDER
           quantity: 1
        buyPrice: 8
        sellPrice: 5
        slot: 39
        page: 5
      127:
        type: item
        item:
          material: CYAN_CONCRETE_POWDER
          quantity: 1
        buyPrice: 8
        sellPrice: 5
        slot: 40
        page: 5
      128:
        type: item
        item:
          material: LIGHT_BLUE_CONCRETE_POWDER
          quantity: 1
        buyPrice: 8
        sellPrice: 5
        slot: 41
        page: 5
      129:
        type: item
        item:
          material: PINK_CONCRETE_POWDER
          quantity: 1
        buyPrice: 8
        sellPrice: 5
        slot: 42
        page: 5
      130:
        type: item
        item:
          material: MAGENTA_CONCRETE_POWDER
          quantity: 1
        buyPrice: 8
        sellPrice: 5
        slot: 43
        page: 5
##PAGE:6
      131:
        type: DUMMY
        item:
          material: LIME_STAINED_GLASS_PANE
          name: " &r "
          lore: []
          quantity: 1
        slot: 1
        page: 6
      132:
        type: DUMMY
        item:
          material: LIME_STAINED_GLASS_PANE
          name: " &r "
          lore: []
          quantity: 1
        slot: 10
        page: 6
      133:
        type: DUMMY
        item:
          material: LIME_STAINED_GLASS_PANE
          name: " &r "
          lore: []
          quantity: 1
        slot: 19
        page: 6
      134:
        type: DUMMY
        item:
          material: LIME_STAINED_GLASS_PANE
          name: " &r "
          lore: []
          quantity: 1
        slot: 28
        page: 6
      135:
        type: DUMMY
        item:
          material: LIME_STAINED_GLASS_PANE
          name: " &r "
          lore: []
          quantity: 1
        slot: 37
        page: 6
      136:
        type: DUMMY
        item:
          material: LIME_STAINED_GLASS_PANE
          name: " &r "
          lore: []
          quantity: 1
        slot: 46
        page: 6
      137:
        type: item
        item:
          material: PURPLE_CONCRETE_POWDER
          quantity: 1
        buyPrice: 8
        sellPrice: 5
        slot: 12
        page: 6
      138:
        type: item
        item:
          material: WHITE_CONCRETE_POWDER
          quantity: 1
        buyPrice: 8
        sellPrice: 5
        slot: 13
        page: 6
      139:
        type: item
        item:
          material: LIGHT_GRAY_CONCRETE_POWDER
          quantity: 1
        buyPrice: 8
        sellPrice: 5
        slot: 14
        page: 6
      140:
        type: item
        item:
          material: GRAY_CONCRETE_POWDER
          quantity: 1
        buyPrice: 8
        sellPrice: 5
        slot: 15
        page: 6
      141:
        type: item
        item:
          material: BROWN_CONCRETE_POWDER
          quantity: 1
        buyPrice: 8
        sellPrice: 5
        slot: 16
        page: 6
      142:
        type: item
        item:
          material: BLACK_CONCRETE_POWDER
          quantity: 1
        buyPrice: 8
        sellPrice: 5
        slot: 21
        page: 6
      143:
        type: item
        item:
          material: BLACKSTONE
          quantity: 1
        buyPrice: 10
        sellPrice: 5
        slot: 22
        page: 6
      144:
        type: item
        item:
          material: CHISELED_NETHER_BRICKS
          quantity: 1
        buyPrice: 20
        sellPrice: 6
        slot: 23
        page: 6
      145:
        type: item
        item:
          material: CHISELED_POLISHED_BLACKSTONE
          quantity: 1
        buyPrice: 20
        sellPrice: 6
        slot: 24
        page: 6
      146:
        type: item
        item:
          material: RED_NETHER_BRICKS
          quantity: 1
        buyPrice: 7
        sellPrice: 6
        slot: 25
        page: 6
      147:
        type: item
        item:
          material: CHISELED_RED_SANDSTONE
          quantity: 1
        buyPrice: 20
        sellPrice: 6
        slot: 30
        page: 6
      148:
        type: item
        item:
          material: CHISELED_SANDSTONE
          quantity: 1
        buyPrice: 20
        sellPrice: 6
        slot: 31
        page: 6
      149:
        type: item
        item:
          material: LODESTONE
          quantity: 1
        buyPrice: 250
        sellPrice: 25
        slot: 32
        page: 6
      150:
        type: item
        item:
          material: CRYING_OBSIDIAN
          quantity: 1
        buyPrice: 80
        sellPrice: 20
        slot: 33
        page: 6
      151:
        type: item
        item:
          material: GILDED_BLACKSTONE
          quantity: 1
        buyPrice: 20
        sellPrice: 6
        slot: 34
        page: 6
      152:
        type: item
        item:
          material: LIGHT
          quantity: 64
        buyPrice: 6400
        sellPrice: -1
        slot: 39
        page: 6
      153:
        type: item
        item:
          material: SHROOMLIGHT
          quantity: 1
        buyPrice: 12
        sellPrice: 6
        slot: 40
        page: 6
      154:
        type: item
        item:
          material: SANDSTONE
          quantity: 1
        buyPrice: 8
        sellPrice: 4
        slot: 48
      155:
        type: item
        item:
          material: SMOOTH_SANDSTONE
          quantity: 1
        buyPrice: 9
        sellPrice: 4
        slot: 49
      156:
        type: item
        item:
          material: OCHRE_FROGLIGHT
          quantity: 1
        buyPrice: 12
        sellPrice: 6
        slot: 50
        page: 1
      157:
        type: item
        item:
          material: VERDANT_FROGLIGHT
          quantity: 1
        buyPrice: 12
        sellPrice: 6
        slot: 51
        page: 1
      158:
        type: item
        item:
          material: PEARLESCENT_FROGLIGHT
          quantity: 1
        buyPrice: 12
        sellPrice: 6
        slot: 52
        page: 1
      159:
        type: item
        item:
          material: MUD
          quantity: 1
        buyPrice: 4
        sellPrice: 4
        slot: 53
        page: 1
      160:
        type: item
        item:
          material: PACKED_MUD
          quantity: 1
        buyPrice: 5
        sellPrice: 5
        slot: 44
        page: 1
      161:
        type: item
        item:
          material: MUD_BRICKS
          quantity: 1
        buyPrice: 20
        sellPrice: 20
        slot: 35
        page: 1
      162:
        type: item
        item:
          material: REINFORCED_DEEPSLATE
          quantity: 1
        buyPrice: 200
        sellPrice: 20
        slot: 26
        page: 1
      163:
        type: item
        item:
          material: DEEPSLATE
          quantity: 1
        buyPrice: 3
        sellPrice: 1
        slot: 41
        page: 6
      164:
        type: item
        item:
          material: COBBLED_DEEPSLATE
          quantity: 1
        buyPrice: 4
        sellPrice: 1
        slot: 42
        page: 6
      165:
        type: item
        item:
          material: POLISHED_DEEPSLATE
          quantity: 1
        buyPrice: 16
        sellPrice: 1
        slot: 43
        page: 6
      166:
        type: item
        item:
          material: TUFF
          quantity: 1
        buyPrice: 2
        sellPrice: 2
        slot: 17
        page: 1
      167:
        type: item
        item:
          material: CALCITE
          quantity: 1
        buyPrice: 2
        sellPrice: 2
        slot: 8
        page: 1
      168:
        type: item
        item:
          material: BASALT
          quantity: 1
        buyPrice: 2
        sellPrice: 2
        slot: 7
      169:
        type: item
        item:
          material: OXIDIZED_COPPER 
          quantity: 1
        buyPrice: 100
        sellPrice: 10
        slot: 3
        page: 1
      170:
        type: item
        item:
          material: WAXED_OXIDIZED_COPPER
          quantity: 1
        buyPrice: 100
        sellPrice: 10
        slot: 4
        page: 1
      171:
        type: item
        item:
          material: WEATHERED_COPPER
          quantity: 1
        buyPrice: 100
        sellPrice: 10
        slot: 5
        page: 1
      172:
        type: item
        item:
          material: WAXED_EXPOSED_COPPER
          quantity: 1
        buyPrice: 100
        sellPrice: 10
        slot: 6
        page: 1
      173:
        type: item
        item:
          material: AMETHYST_BLOCK
          quantity: 1
        buyPrice: 400
        sellPrice: 40
        slot: 2
        page: 1
      174:
        type: item
        item:
          material: BUDDING_AMETHYST
          quantity: 1
        buyPrice: 800
        sellPrice: 80
        slot: 11
        page: 1
      175:
        type: item
        item:
          material: SMOOTH_STONE
          quantity: 1
        buyPrice: 4
        sellPrice: 4
        slot: 20
        page: 1
      176:
        type: item
        item:
          material: TUBE_CORAL_BLOCK
          quantity: 1
        buyPrice: 4
        sellPrice: 4
        slot: 12
        page: 7
      177:
        type: item
        item:
          material: BRAIN_CORAL_BLOCK
          quantity: 1
        buyPrice: 4
        sellPrice: 4
        slot: 13
        page: 7
      178:
        type: item
        item:
          material: BUBBLE_CORAL_BLOCK
          quantity: 1
        buyPrice: 4
        sellPrice: 4
        slot: 14
        page: 7
      179:
        type: item
        item:
          material: FIRE_CORAL_BLOCK
          quantity: 1
        buyPrice: 4
        sellPrice: 4
        slot: 15
        page: 7
      180:
        type: item
        item:
          material: HORN_CORAL_BLOCK
          quantity: 1
        buyPrice: 4
        sellPrice: 4
        slot: 16
        page: 7
      181:
        type: item
        item:
          material: DEAD_TUBE_CORAL_BLOCK
          quantity: 1
        buyPrice: 4
        sellPrice: 4
        slot: 21
        page: 7
      182:
        type: item
        item:
          material: DEAD_BRAIN_CORAL_BLOCK
          quantity: 1
        buyPrice: 4
        sellPrice: 4
        slot: 22
        page: 7
      183:
        type: item
        item:
          material: DEAD_BUBBLE_CORAL_BLOCK
          quantity: 1
        buyPrice: 4
        sellPrice: 4
        slot: 23
        page: 7
      184:
        type: item
        item:
          material: DEAD_FIRE_CORAL_BLOCK
          quantity: 1
        buyPrice: 4
        sellPrice: 4
        slot: 24
        page: 7
      185:
        type: item
        item:
          material: DEAD_HORN_CORAL_BLOCK
          quantity: 1
        buyPrice: 4
        sellPrice: 4
        slot: 25
        page: 7
      186:
        type: item
        item:
          material: SUSPICIOUS_SAND
          quantity: 1
        buyPrice: 4
        sellPrice: 1
        slot: 29
      187:
        type: item
        item:
          material: SUSPICIOUS_GRAVEL
          quantity: 1
        buyPrice: 4
        sellPrice: 1
        slot: 38